
Microsoft Visual Studio Solution File, Format Version 12.00
# Visual Studio Version 16
VisualStudioVersion = 16.0.29009.5
MinimumVisualStudioVersion = 10.0.40219.1
Project("{2150E333-8FDC-42A3-9474-1A3956D46DE8}") = "Backend", "Backend", "{E176A672-0CD9-47F5-9F5D-D4CA3F0288E5}"
EndProject
Project("{FAE04EC0-301F-11D3-BF4B-00C04F79EFBC}") = "Shop.Web", "Shop.Web\Shop.Web.csproj", "{37CAA373-49E7-44C2-AF8A-389340327AF4}"
EndProject
Global
	GlobalSection(SolutionConfigurationPlatforms) = preSolution
		Debug|Any CPU = Debug|Any CPU
		Release|Any CPU = Release|Any CPU
	EndGlobalSection
	GlobalSection(ProjectConfigurationPlatforms) = postSolution
		{37CAA373-49E7-44C2-AF8A-389340327AF4}.Debug|Any CPU.ActiveCfg = Debug|Any CPU
		{37CAA373-49E7-44C2-AF8A-389340327AF4}.Debug|Any CPU.Build.0 = Debug|Any CPU
		{37CAA373-49E7-44C2-AF8A-389340327AF4}.Release|Any CPU.ActiveCfg = Release|Any CPU
		{37CAA373-49E7-44C2-AF8A-389340327AF4}.Release|Any CPU.Build.0 = Release|Any CPU
	EndGlobalSection
	GlobalSection(SolutionProperties) = preSolution
		HideSolutionNode = FALSE
	EndGlobalSection
	GlobalSection(NestedProjects) = preSolution
		{37CAA373-49E7-44C2-AF8A-389340327AF4} = {E176A672-0CD9-47F5-9F5D-D4CA3F0288E5}
	EndGlobalSection
	GlobalSection(ExtensibilityGlobals) = postSolution
		SolutionGuid = {89524B39-3466-4181-B5AF-565FA7B14E7E}
	EndGlobalSection
EndGlobal
